
Microsoft Visual Studio Solution File, Format Version 12.00
# Visual Studio Version 17
VisualStudioVersion = 17.4.33213.308
MinimumVisualStudioVersion = 10.0.40219.1
Project("{FAE04EC0-301F-11D3-BF4B-00C04F79EFBC}") = "AlbaflexMvc", "AlbaflexMvc\AlbaflexMvc.csproj", "{12FD65DD-4F14-4BBD-A93B-71DC4C4502FB}"
EndProject
Global
	GlobalSection(SolutionConfigurationPlatforms) = preSolution
		Debug|Any CPU = Debug|Any CPU
		Release|Any CPU = Release|Any CPU
	EndGlobalSection
	GlobalSection(ProjectConfigurationPlatforms) = postSolution
		{12FD65DD-4F14-4BBD-A93B-71DC4C4502FB}.Debug|Any CPU.ActiveCfg = Debug|Any CPU
		{12FD65DD-4F14-4BBD-A93B-71DC4C4502FB}.Debug|Any CPU.Build.0 = Debug|Any CPU
		{12FD65DD-4F14-4BBD-A93B-71DC4C4502FB}.Release|Any CPU.ActiveCfg = Release|Any CPU
		{12FD65DD-4F14-4BBD-A93B-71DC4C4502FB}.Release|Any CPU.Build.0 = Release|Any CPU
	EndGlobalSection
	GlobalSection(SolutionProperties) = preSolution
		HideSolutionNode = FALSE
	EndGlobalSection
	GlobalSection(ExtensibilityGlobals) = postSolution
		SolutionGuid = {A4A9EBFB-2F6C-4EE6-AFDA-FF693EA8A9D7}
	EndGlobalSection
EndGlobal
